// !$*UTF8*$!
{
	archiveVersion = 1;
	classes = {
	};
	objectVersion = 56;
	objects = {

/* Begin PBXBuildFile section */
		E542D7AB28F87031002FABAB /* Moya in Frameworks */ = {isa = PBXBuildFile; productRef = E542D7AA28F87031002FABAB /* Moya */; };
		E542D7AD28F87868002FABAB /* Photo.swift in Sources */ = {isa = PBXBuildFile; fileRef = E542D7AC28F87868002FABAB /* Photo.swift */; };
		E542D7AF28F878F3002FABAB /* Photos.swift in Sources */ = {isa = PBXBuildFile; fileRef = E542D7AE28F878F3002FABAB /* Photos.swift */; };
		E542D7B228FA1961002FABAB /* Extension+UIImage.swift in Sources */ = {isa = PBXBuildFile; fileRef = E542D7B128FA1961002FABAB /* Extension+UIImage.swift */; };
		E542D7B528FA1D14002FABAB /* Kingfisher in Frameworks */ = {isa = PBXBuildFile; productRef = E542D7B428FA1D14002FABAB /* Kingfisher */; };
		E5BA456628F73D1E00C94A27 /* AppDelegate.swift in Sources */ = {isa = PBXBuildFile; fileRef = E5BA456528F73D1E00C94A27 /* AppDelegate.swift */; };
		E5BA456F28F73D2000C94A27 /* Assets.xcassets in Resources */ = {isa = PBXBuildFile; fileRef = E5BA456E28F73D2000C94A27 /* Assets.xcassets */; };
		E5BA457228F73D2000C94A27 /* LaunchScreen.storyboard in Resources */ = {isa = PBXBuildFile; fileRef = E5BA457028F73D2000C94A27 /* LaunchScreen.storyboard */; };
		E5BA457F28F741E100C94A27 /* HomeViewModel.swift in Sources */ = {isa = PBXBuildFile; fileRef = E5BA457E28F741E100C94A27 /* HomeViewModel.swift */; };
		E5BA458728F7506700C94A27 /* HomeViewController.swift in Sources */ = {isa = PBXBuildFile; fileRef = E5BA458628F7506700C94A27 /* HomeViewController.swift */; };
		E5BA458A28F7541C00C94A27 /* SnapKit in Frameworks */ = {isa = PBXBuildFile; productRef = E5BA458928F7541C00C94A27 /* SnapKit */; };
		E5BA458C28F754EA00C94A27 /* TableView.swift in Sources */ = {isa = PBXBuildFile; fileRef = E5BA458B28F754EA00C94A27 /* TableView.swift */; };
		E5BA459028F7613D00C94A27 /* ContentCell.swift in Sources */ = {isa = PBXBuildFile; fileRef = E5BA458F28F7613D00C94A27 /* ContentCell.swift */; };
		E5BA459428F76C2C00C94A27 /* FlickrAPI.swift in Sources */ = {isa = PBXBuildFile; fileRef = E5BA459328F76C2C00C94A27 /* FlickrAPI.swift */; };
		E5CCAFD628FDC93C00257566 /* Extension+UIColor.swift in Sources */ = {isa = PBXBuildFile; fileRef = E5CCAFD528FDC93C00257566 /* Extension+UIColor.swift */; };
		E5CCAFD828FDCBC900257566 /* UILabel+Padding.swift in Sources */ = {isa = PBXBuildFile; fileRef = E5CCAFD728FDCBC900257566 /* UILabel+Padding.swift */; };
/* End PBXBuildFile section */

/* Begin PBXFileReference section */
		E542D7AC28F87868002FABAB /* Photo.swift */ = {isa = PBXFileReference; lastKnownFileType = sourcecode.swift; path = Photo.swift; sourceTree = "<group>"; };
		E542D7AE28F878F3002FABAB /* Photos.swift */ = {isa = PBXFileReference; lastKnownFileType = sourcecode.swift; path = Photos.swift; sourceTree = "<group>"; };
		E542D7B128FA1961002FABAB /* Extension+UIImage.swift */ = {isa = PBXFileReference; lastKnownFileType = sourcecode.swift; path = "Extension+UIImage.swift"; sourceTree = "<group>"; };
		E5BA456228F73D1E00C94A27 /* FlickrClient.app */ = {isa = PBXFileReference; explicitFileType = wrapper.application; includeInIndex = 0; path = FlickrClient.app; sourceTree = BUILT_PRODUCTS_DIR; };
		E5BA456528F73D1E00C94A27 /* AppDelegate.swift */ = {isa = PBXFileReference; lastKnownFileType = sourcecode.swift; path = AppDelegate.swift; sourceTree = "<group>"; };
		E5BA456E28F73D2000C94A27 /* Assets.xcassets */ = {isa = PBXFileReference; lastKnownFileType = folder.assetcatalog; path = Assets.xcassets; sourceTree = "<group>"; };
		E5BA457128F73D2000C94A27 /* Base */ = {isa = PBXFileReference; lastKnownFileType = file.storyboard; name = Base; path = Base.lproj/LaunchScreen.storyboard; sourceTree = "<group>"; };
		E5BA457328F73D2000C94A27 /* Info.plist */ = {isa = PBXFileReference; lastKnownFileType = text.plist.xml; path = Info.plist; sourceTree = "<group>"; };
		E5BA457E28F741E100C94A27 /* HomeViewModel.swift */ = {isa = PBXFileReference; lastKnownFileType = sourcecode.swift; path = HomeViewModel.swift; sourceTree = "<group>"; };
		E5BA458628F7506700C94A27 /* HomeViewController.swift */ = {isa = PBXFileReference; lastKnownFileType = sourcecode.swift; path = HomeViewController.swift; sourceTree = "<group>"; };
		E5BA458B28F754EA00C94A27 /* TableView.swift */ = {isa = PBXFileReference; lastKnownFileType = sourcecode.swift; path = TableView.swift; sourceTree = "<group>"; };
		E5BA458F28F7613D00C94A27 /* ContentCell.swift */ = {isa = PBXFileReference; lastKnownFileType = sourcecode.swift; path = ContentCell.swift; sourceTree = "<group>"; };
		E5BA459328F76C2C00C94A27 /* FlickrAPI.swift */ = {isa = PBXFileReference; lastKnownFileType = sourcecode.swift; path = FlickrAPI.swift; sourceTree = "<group>"; };
		E5CCAFD528FDC93C00257566 /* Extension+UIColor.swift */ = {isa = PBXFileReference; lastKnownFileType = sourcecode.swift; path = "Extension+UIColor.swift"; sourceTree = "<group>"; };
		E5CCAFD728FDCBC900257566 /* UILabel+Padding.swift */ = {isa = PBXFileReference; lastKnownFileType = sourcecode.swift; path = "UILabel+Padding.swift"; sourceTree = "<group>"; };
/* End PBXFileReference section */

/* Begin PBXFrameworksBuildPhase section */
		E5BA455F28F73D1E00C94A27 /* Frameworks */ = {
			isa = PBXFrameworksBuildPhase;
			buildActionMask = 2147483647;
			files = (
				E542D7B528FA1D14002FABAB /* Kingfisher in Frameworks */,
				E542D7AB28F87031002FABAB /* Moya in Frameworks */,
				E5BA458A28F7541C00C94A27 /* SnapKit in Frameworks */,
			);
			runOnlyForDeploymentPostprocessing = 0;
		};
/* End PBXFrameworksBuildPhase section */

/* Begin PBXGroup section */
		E542D7B028FA193B002FABAB /* Extensions */ = {
			isa = PBXGroup;
			children = (
				E542D7B128FA1961002FABAB /* Extension+UIImage.swift */,
				E5CCAFD528FDC93C00257566 /* Extension+UIColor.swift */,
				E5CCAFD728FDCBC900257566 /* UILabel+Padding.swift */,
			);
			path = Extensions;
			sourceTree = "<group>";
		};
		E5BA455928F73D1E00C94A27 = {
			isa = PBXGroup;
			children = (
				E5BA456428F73D1E00C94A27 /* FlickrClient */,
				E5BA456328F73D1E00C94A27 /* Products */,
			);
			sourceTree = "<group>";
		};
		E5BA456328F73D1E00C94A27 /* Products */ = {
			isa = PBXGroup;
			children = (
				E5BA456228F73D1E00C94A27 /* FlickrClient.app */,
			);
			name = Products;
			sourceTree = "<group>";
		};
		E5BA456428F73D1E00C94A27 /* FlickrClient */ = {
			isa = PBXGroup;
			children = (
				E5BA457928F740FD00C94A27 /* App */,
				E5BA458028F7451600C94A27 /* Screens */,
			);
			path = FlickrClient;
			sourceTree = "<group>";
		};
		E5BA457928F740FD00C94A27 /* App */ = {
			isa = PBXGroup;
			children = (
				E5BA457A28F7411300C94A27 /* Plists */,
				E5BA457D28F7412F00C94A27 /* delegate */,
				E5BA457C28F7412600C94A27 /* view */,
				E5BA459128F76C0300C94A27 /* Core */,
				E5BA457B28F7411E00C94A27 /* assets */,
			);
			path = App;
			sourceTree = "<group>";
		};
		E5BA457A28F7411300C94A27 /* Plists */ = {
			isa = PBXGroup;
			children = (
				E5BA457328F73D2000C94A27 /* Info.plist */,
			);
			path = Plists;
			sourceTree = "<group>";
		};
		E5BA457B28F7411E00C94A27 /* assets */ = {
			isa = PBXGroup;
			children = (
				E5BA456E28F73D2000C94A27 /* Assets.xcassets */,
			);
			path = assets;
			sourceTree = "<group>";
		};
		E5BA457C28F7412600C94A27 /* view */ = {
			isa = PBXGroup;
			children = (
				E5BA457028F73D2000C94A27 /* LaunchScreen.storyboard */,
			);
			path = view;
			sourceTree = "<group>";
		};
		E5BA457D28F7412F00C94A27 /* delegate */ = {
			isa = PBXGroup;
			children = (
				E5BA456528F73D1E00C94A27 /* AppDelegate.swift */,
			);
			path = delegate;
			sourceTree = "<group>";
		};
		E5BA458028F7451600C94A27 /* Screens */ = {
			isa = PBXGroup;
			children = (
				E5BA458128F745A700C94A27 /* Main */,
			);
			path = Screens;
			sourceTree = "<group>";
		};
		E5BA458128F745A700C94A27 /* Main */ = {
			isa = PBXGroup;
			children = (
				E5BA458528F745D400C94A27 /* ViewController */,
				E5BA458428F745C600C94A27 /* ViewModel */,
				E5BA458328F745C000C94A27 /* View */,
				E5BA458228F745B400C94A27 /* Modal */,
			);
			path = Main;
			sourceTree = "<group>";
		};
		E5BA458228F745B400C94A27 /* Modal */ = {
			isa = PBXGroup;
			children = (
				E542D7AC28F87868002FABAB /* Photo.swift */,
				E542D7AE28F878F3002FABAB /* Photos.swift */,
			);
			path = Modal;
			sourceTree = "<group>";
		};
		E5BA458328F745C000C94A27 /* View */ = {
			isa = PBXGroup;
			children = (
				E5BA458B28F754EA00C94A27 /* TableView.swift */,
				E5BA458F28F7613D00C94A27 /* ContentCell.swift */,
			);
			path = View;
			sourceTree = "<group>";
		};
		E5BA458428F745C600C94A27 /* ViewModel */ = {
			isa = PBXGroup;
			children = (
				E5BA457E28F741E100C94A27 /* HomeViewModel.swift */,
			);
			path = ViewModel;
			sourceTree = "<group>";
		};
		E5BA458528F745D400C94A27 /* ViewController */ = {
			isa = PBXGroup;
			children = (
				E5BA458628F7506700C94A27 /* HomeViewController.swift */,
			);
			path = ViewController;
			sourceTree = "<group>";
		};
		E5BA459128F76C0300C94A27 /* Core */ = {
			isa = PBXGroup;
			children = (
				E542D7B028FA193B002FABAB /* Extensions */,
				E5BA459228F76C1200C94A27 /* Network */,
			);
			path = Core;
			sourceTree = "<group>";
		};
		E5BA459228F76C1200C94A27 /* Network */ = {
			isa = PBXGroup;
			children = (
				E5BA459328F76C2C00C94A27 /* FlickrAPI.swift */,
			);
			path = Network;
			sourceTree = "<group>";
		};
/* End PBXGroup section */

/* Begin PBXNativeTarget section */
		E5BA456128F73D1E00C94A27 /* FlickrClient */ = {
			isa = PBXNativeTarget;
			buildConfigurationList = E5BA457628F73D2000C94A27 /* Build configuration list for PBXNativeTarget "FlickrClient" */;
			buildPhases = (
				E5BA455E28F73D1E00C94A27 /* Sources */,
				E5BA455F28F73D1E00C94A27 /* Frameworks */,
				E5BA456028F73D1E00C94A27 /* Resources */,
			);
			buildRules = (
			);
			dependencies = (
			);
			name = FlickrClient;
			packageProductDependencies = (
				E5BA458928F7541C00C94A27 /* SnapKit */,
				E542D7AA28F87031002FABAB /* Moya */,
				E542D7B428FA1D14002FABAB /* Kingfisher */,
			);
			productName = FlickrClient;
			productReference = E5BA456228F73D1E00C94A27 /* FlickrClient.app */;
			productType = "com.apple.product-type.application";
		};
/* End PBXNativeTarget section */

/* Begin PBXProject section */
		E5BA455A28F73D1E00C94A27 /* Project object */ = {
			isa = PBXProject;
			attributes = {
				BuildIndependentTargetsInParallel = 1;
				LastSwiftUpdateCheck = 1400;
				LastUpgradeCheck = 1400;
				TargetAttributes = {
					E5BA456128F73D1E00C94A27 = {
						CreatedOnToolsVersion = 14.0.1;
					};
				};
			};
			buildConfigurationList = E5BA455D28F73D1E00C94A27 /* Build configuration list for PBXProject "FlickrClient" */;
			compatibilityVersion = "Xcode 14.0";
			developmentRegion = en;
			hasScannedForEncodings = 0;
			knownRegions = (
				en,
				Base,
			);
			mainGroup = E5BA455928F73D1E00C94A27;
			packageReferences = (
				E5BA458828F7541C00C94A27 /* XCRemoteSwiftPackageReference "SnapKit" */,
				E542D7A928F87031002FABAB /* XCRemoteSwiftPackageReference "Moya" */,
				E542D7B328FA1D13002FABAB /* XCRemoteSwiftPackageReference "Kingfisher" */,
			);
			productRefGroup = E5BA456328F73D1E00C94A27 /* Products */;
			projectDirPath = "";
			projectRoot = "";
			targets = (
				E5BA456128F73D1E00C94A27 /* FlickrClient */,
			);
		};
/* End PBXProject section */

/* Begin PBXResourcesBuildPhase section */
		E5BA456028F73D1E00C94A27 /* Resources */ = {
			isa = PBXResourcesBuildPhase;
			buildActionMask = 2147483647;
			files = (
				E5BA457228F73D2000C94A27 /* LaunchScreen.storyboard in Resources */,
				E5BA456F28F73D2000C94A27 /* Assets.xcassets in Resources */,
			);
			runOnlyForDeploymentPostprocessing = 0;
		};
/* End PBXResourcesBuildPhase section */

/* Begin PBXSourcesBuildPhase section */
		E5BA455E28F73D1E00C94A27 /* Sources */ = {
			isa = PBXSourcesBuildPhase;
			buildActionMask = 2147483647;
			files = (
				E5CCAFD828FDCBC900257566 /* UILabel+Padding.swift in Sources */,
				E5BA457F28F741E100C94A27 /* HomeViewModel.swift in Sources */,
				E5CCAFD628FDC93C00257566 /* Extension+UIColor.swift in Sources */,
				E542D7AD28F87868002FABAB /* Photo.swift in Sources */,
				E5BA458C28F754EA00C94A27 /* TableView.swift in Sources */,
				E5BA459028F7613D00C94A27 /* ContentCell.swift in Sources */,
				E5BA459428F76C2C00C94A27 /* FlickrAPI.swift in Sources */,
				E5BA456628F73D1E00C94A27 /* AppDelegate.swift in Sources */,
				E542D7B228FA1961002FABAB /* Extension+UIImage.swift in Sources */,
				E542D7AF28F878F3002FABAB /* Photos.swift in Sources */,
				E5BA458728F7506700C94A27 /* HomeViewController.swift in Sources */,
			);
			runOnlyForDeploymentPostprocessing = 0;
		};
/* End PBXSourcesBuildPhase section */

/* Begin PBXVariantGroup section */
		E5BA457028F73D2000C94A27 /* LaunchScreen.storyboard */ = {
			isa = PBXVariantGroup;
			children = (
				E5BA457128F73D2000C94A27 /* Base */,
			);
			name = LaunchScreen.storyboard;
			sourceTree = "<group>";
		};
/* End PBXVariantGroup section */

/* Begin XCBuildConfiguration section */
		E5BA457428F73D2000C94A27 /* Debug */ = {
			isa = XCBuildConfiguration;
			buildSettings = {
				ALWAYS_SEARCH_USER_PATHS = NO;
				CLANG_ANALYZER_NONNULL = YES;
				CLANG_ANALYZER_NUMBER_OBJECT_CONVERSION = YES_AGGRESSIVE;
				CLANG_CXX_LANGUAGE_STANDARD = "gnu++20";
				CLANG_ENABLE_MODULES = YES;
				CLANG_ENABLE_OBJC_ARC = YES;
				CLANG_ENABLE_OBJC_WEAK = YES;
				CLANG_WARN_BLOCK_CAPTURE_AUTORELEASING = YES;
				CLANG_WARN_BOOL_CONVERSION = YES;
				CLANG_WARN_COMMA = YES;
				CLANG_WARN_CONSTANT_CONVERSION = YES;
				CLANG_WARN_DEPRECATED_OBJC_IMPLEMENTATIONS = YES;
				CLANG_WARN_DIRECT_OBJC_ISA_USAGE = YES_ERROR;
				CLANG_WARN_DOCUMENTATION_COMMENTS = YES;
				CLANG_WARN_EMPTY_BODY = YES;
				CLANG_WARN_ENUM_CONVERSION = YES;
				CLANG_WARN_INFINITE_RECURSION = YES;
				CLANG_WARN_INT_CONVERSION = YES;
				CLANG_WARN_NON_LITERAL_NULL_CONVERSION = YES;
				CLANG_WARN_OBJC_IMPLICIT_RETAIN_SELF = YES;
				CLANG_WARN_OBJC_LITERAL_CONVERSION = YES;
				CLANG_WARN_OBJC_ROOT_CLASS = YES_ERROR;
				CLANG_WARN_QUOTED_INCLUDE_IN_FRAMEWORK_HEADER = YES;
				CLANG_WARN_RANGE_LOOP_ANALYSIS = YES;
				CLANG_WARN_STRICT_PROTOTYPES = YES;
				CLANG_WARN_SUSPICIOUS_MOVE = YES;
				CLANG_WARN_UNGUARDED_AVAILABILITY = YES_AGGRESSIVE;
				CLANG_WARN_UNREACHABLE_CODE = YES;
				CLANG_WARN__DUPLICATE_METHOD_MATCH = YES;
				COPY_PHASE_STRIP = NO;
				DEBUG_INFORMATION_FORMAT = dwarf;
				ENABLE_STRICT_OBJC_MSGSEND = YES;
				ENABLE_TESTABILITY = YES;
				GCC_C_LANGUAGE_STANDARD = gnu11;
				GCC_DYNAMIC_NO_PIC = NO;
				GCC_NO_COMMON_BLOCKS = YES;
				GCC_OPTIMIZATION_LEVEL = 0;
				GCC_PREPROCESSOR_DEFINITIONS = (
					"DEBUG=1",
					"$(inherited)",
				);
				GCC_WARN_64_TO_32_BIT_CONVERSION = YES;
				GCC_WARN_ABOUT_RETURN_TYPE = YES_ERROR;
				GCC_WARN_UNDECLARED_SELECTOR = YES;
				GCC_WARN_UNINITIALIZED_AUTOS = YES_AGGRESSIVE;
				GCC_WARN_UNUSED_FUNCTION = YES;
				GCC_WARN_UNUSED_VARIABLE = YES;
				IPHONEOS_DEPLOYMENT_TARGET = 16.0;
				MTL_ENABLE_DEBUG_INFO = INCLUDE_SOURCE;
				MTL_FAST_MATH = YES;
				ONLY_ACTIVE_ARCH = YES;
				SDKROOT = iphoneos;
				SWIFT_ACTIVE_COMPILATION_CONDITIONS = DEBUG;
				SWIFT_OPTIMIZATION_LEVEL = "-Onone";
			};
			name = Debug;
		};
		E5BA457528F73D2000C94A27 /* Release */ = {
			isa = XCBuildConfiguration;
			buildSettings = {
				ALWAYS_SEARCH_USER_PATHS = NO;
				CLANG_ANALYZER_NONNULL = YES;
				CLANG_ANALYZER_NUMBER_OBJECT_CONVERSION = YES_AGGRESSIVE;
				CLANG_CXX_LANGUAGE_STANDARD = "gnu++20";
				CLANG_ENABLE_MODULES = YES;
				CLANG_ENABLE_OBJC_ARC = YES;
				CLANG_ENABLE_OBJC_WEAK = YES;
				CLANG_WARN_BLOCK_CAPTURE_AUTORELEASING = YES;
				CLANG_WARN_BOOL_CONVERSION = YES;
				CLANG_WARN_COMMA = YES;
				CLANG_WARN_CONSTANT_CONVERSION = YES;
				CLANG_WARN_DEPRECATED_OBJC_IMPLEMENTATIONS = YES;
				CLANG_WARN_DIRECT_OBJC_ISA_USAGE = YES_ERROR;
				CLANG_WARN_DOCUMENTATION_COMMENTS = YES;
				CLANG_WARN_EMPTY_BODY = YES;
				CLANG_WARN_ENUM_CONVERSION = YES;
				CLANG_WARN_INFINITE_RECURSION = YES;
				CLANG_WARN_INT_CONVERSION = YES;
				CLANG_WARN_NON_LITERAL_NULL_CONVERSION = YES;
				CLANG_WARN_OBJC_IMPLICIT_RETAIN_SELF = YES;
				CLANG_WARN_OBJC_LITERAL_CONVERSION = YES;
				CLANG_WARN_OBJC_ROOT_CLASS = YES_ERROR;
				CLANG_WARN_QUOTED_INCLUDE_IN_FRAMEWORK_HEADER = YES;
				CLANG_WARN_RANGE_LOOP_ANALYSIS = YES;
				CLANG_WARN_STRICT_PROTOTYPES = YES;
				CLANG_WARN_SUSPICIOUS_MOVE = YES;
				CLANG_WARN_UNGUARDED_AVAILABILITY = YES_AGGRESSIVE;
				CLANG_WARN_UNREACHABLE_CODE = YES;
				CLANG_WARN__DUPLICATE_METHOD_MATCH = YES;
				COPY_PHASE_STRIP = NO;
				DEBUG_INFORMATION_FORMAT = "dwarf-with-dsym";
				ENABLE_NS_ASSERTIONS = NO;
				ENABLE_STRICT_OBJC_MSGSEND = YES;
				GCC_C_LANGUAGE_STANDARD = gnu11;
				GCC_NO_COMMON_BLOCKS = YES;
				GCC_WARN_64_TO_32_BIT_CONVERSION = YES;
				GCC_WARN_ABOUT_RETURN_TYPE = YES_ERROR;
				GCC_WARN_UNDECLARED_SELECTOR = YES;
				GCC_WARN_UNINITIALIZED_AUTOS = YES_AGGRESSIVE;
				GCC_WARN_UNUSED_FUNCTION = YES;
				GCC_WARN_UNUSED_VARIABLE = YES;
				IPHONEOS_DEPLOYMENT_TARGET = 16.0;
				MTL_ENABLE_DEBUG_INFO = NO;
				MTL_FAST_MATH = YES;
				SDKROOT = iphoneos;
				SWIFT_COMPILATION_MODE = wholemodule;
				SWIFT_OPTIMIZATION_LEVEL = "-O";
				VALIDATE_PRODUCT = YES;
			};
			name = Release;
		};
		E5BA457728F73D2000C94A27 /* Debug */ = {
			isa = XCBuildConfiguration;
			buildSettings = {
				ASSETCATALOG_COMPILER_APPICON_NAME = AppIcon;
				ASSETCATALOG_COMPILER_GLOBAL_ACCENT_COLOR_NAME = AccentColor;
				CODE_SIGN_STYLE = Automatic;
				CURRENT_PROJECT_VERSION = 1;
				DEVELOPMENT_TEAM = 5JW46KNSWA;
				GENERATE_INFOPLIST_FILE = YES;
				INFOPLIST_FILE = FlickrClient/App/Plists/Info.plist;
				INFOPLIST_KEY_UIApplicationSupportsIndirectInputEvents = YES;
				INFOPLIST_KEY_UILaunchStoryboardName = LaunchScreen;
				INFOPLIST_KEY_UISupportedInterfaceOrientations = UIInterfaceOrientationPortrait;
				INFOPLIST_KEY_UISupportedInterfaceOrientations_iPad = "UIInterfaceOrientationLandscapeLeft UIInterfaceOrientationLandscapeRight UIInterfaceOrientationPortrait UIInterfaceOrientationPortraitUpsideDown";
				INFOPLIST_PREPROCESS = NO;
				IPHONEOS_DEPLOYMENT_TARGET = 12.0;
				LD_RUNPATH_SEARCH_PATHS = (
					"$(inherited)",
					"@executable_path/Frameworks",
				);
				MARKETING_VERSION = 1.0;
				PRODUCT_BUNDLE_IDENTIFIER = com.eymenVarilci.FlickrClient;
				PRODUCT_NAME = "$(TARGET_NAME)";
				SUPPORTED_PLATFORMS = "iphoneos iphonesimulator";
				SUPPORTS_MACCATALYST = NO;
				SUPPORTS_MAC_DESIGNED_FOR_IPHONE_IPAD = NO;
				SWIFT_EMIT_LOC_STRINGS = YES;
				SWIFT_VERSION = 5.0;
				TARGETED_DEVICE_FAMILY = 1;
			};
			name = Debug;
		};
		E5BA457828F73D2000C94A27 /* Release */ = {
			isa = XCBuildConfiguration;
			buildSettings = {
				ASSETCATALOG_COMPILER_APPICON_NAME = AppIcon;
				ASSETCATALOG_COMPILER_GLOBAL_ACCENT_COLOR_NAME = AccentColor;
				CODE_SIGN_STYLE = Automatic;
				CURRENT_PROJECT_VERSION = 1;
				DEVELOPMENT_TEAM = 5JW46KNSWA;
				GENERATE_INFOPLIST_FILE = YES;
				INFOPLIST_FILE = FlickrClient/App/Plists/Info.plist;
				INFOPLIST_KEY_UIApplicationSupportsIndirectInputEvents = YES;
				INFOPLIST_KEY_UILaunchStoryboardName = LaunchScreen;
				INFOPLIST_KEY_UISupportedInterfaceOrientations = UIInterfaceOrientationPortrait;
				INFOPLIST_KEY_UISupportedInterfaceOrientations_iPad = "UIInterfaceOrientationLandscapeLeft UIInterfaceOrientationLandscapeRight UIInterfaceOrientationPortrait UIInterfaceOrientationPortraitUpsideDown";
				INFOPLIST_PREPROCESS = NO;
				IPHONEOS_DEPLOYMENT_TARGET = 12.0;
				LD_RUNPATH_SEARCH_PATHS = (
					"$(inherited)",
					"@executable_path/Frameworks",
				);
				MARKETING_VERSION = 1.0;
				PRODUCT_BUNDLE_IDENTIFIER = com.eymenVarilci.FlickrClient;
				PRODUCT_NAME = "$(TARGET_NAME)";
				SUPPORTED_PLATFORMS = "iphoneos iphonesimulator";
				SUPPORTS_MACCATALYST = NO;
				SUPPORTS_MAC_DESIGNED_FOR_IPHONE_IPAD = NO;
				SWIFT_EMIT_LOC_STRINGS = YES;
				SWIFT_VERSION = 5.0;
				TARGETED_DEVICE_FAMILY = 1;
			};
			name = Release;
		};
/* End XCBuildConfiguration section */

/* Begin XCConfigurationList section */
		E5BA455D28F73D1E00C94A27 /* Build configuration list for PBXProject "FlickrClient" */ = {
			isa = XCConfigurationList;
			buildConfigurations = (
				E5BA457428F73D2000C94A27 /* Debug */,
				E5BA457528F73D2000C94A27 /* Release */,
			);
			defaultConfigurationIsVisible = 0;
			defaultConfigurationName = Release;
		};
		E5BA457628F73D2000C94A27 /* Build configuration list for PBXNativeTarget "FlickrClient" */ = {
			isa = XCConfigurationList;
			buildConfigurations = (
				E5BA457728F73D2000C94A27 /* Debug */,
				E5BA457828F73D2000C94A27 /* Release */,
			);
			defaultConfigurationIsVisible = 0;
			defaultConfigurationName = Release;
		};
/* End XCConfigurationList section */

/* Begin XCRemoteSwiftPackageReference section */
		E542D7A928F87031002FABAB /* XCRemoteSwiftPackageReference "Moya" */ = {
			isa = XCRemoteSwiftPackageReference;
			repositoryURL = "https://github.com/Moya/Moya.git";
			requirement = {
				kind = upToNextMajorVersion;
				minimumVersion = 15.0.0;
			};
		};
		E542D7B328FA1D13002FABAB /* XCRemoteSwiftPackageReference "Kingfisher" */ = {
			isa = XCRemoteSwiftPackageReference;
			repositoryURL = "https://github.com/onevcat/Kingfisher.git";
			requirement = {
				kind = upToNextMajorVersion;
				minimumVersion = 7.0.0;
			};
		};
		E5BA458828F7541C00C94A27 /* XCRemoteSwiftPackageReference "SnapKit" */ = {
			isa = XCRemoteSwiftPackageReference;
			repositoryURL = "https://github.com/SnapKit/SnapKit.git";
			requirement = {
				kind = upToNextMajorVersion;
				minimumVersion = 5.0.0;
			};
		};
/* End XCRemoteSwiftPackageReference section */

/* Begin XCSwiftPackageProductDependency section */
		E542D7AA28F87031002FABAB /* Moya */ = {
			isa = XCSwiftPackageProductDependency;
			package = E542D7A928F87031002FABAB /* XCRemoteSwiftPackageReference "Moya" */;
			productName = Moya;
		};
		E542D7B428FA1D14002FABAB /* Kingfisher */ = {
			isa = XCSwiftPackageProductDependency;
			package = E542D7B328FA1D13002FABAB /* XCRemoteSwiftPackageReference "Kingfisher" */;
			productName = Kingfisher;
		};
		E5BA458928F7541C00C94A27 /* SnapKit */ = {
			isa = XCSwiftPackageProductDependency;
			package = E5BA458828F7541C00C94A27 /* XCRemoteSwiftPackageReference "SnapKit" */;
			productName = SnapKit;
		};
/* End XCSwiftPackageProductDependency section */
	};
	rootObject = E5BA455A28F73D1E00C94A27 /* Project object */;
}
